# This file is automatically @generated by Cargo.
# It is not intended for manual editing.
version = 4

[[package]]
name = "ofw-adapter-codex"
version = "0.1.0"

[[package]]
name = "ofw-cli"
version = "0.1.0"
dependencies = [
 "ofw-adapter-codex",
 "ofw-core",
 "ofw-policy",
]

[[package]]
name = "ofw-contracts"
version = "0.1.0"

[[package]]
name = "ofw-core"
version = "0.1.0"
dependencies = [
 "ofw-contracts",
 "ofw-policy",
]

[[package]]
name = "ofw-policy"
version = "0.1.0"
dependencies = [
 "ofw-contracts",
]
